{
  "name": "frontend",
  "version": "1.0.0",
  "lockfileVersion": 3,
  "requires": true,
  "packages": {
    "": {
      "name": "frontend",
      "version": "1.0.0",
      "dependencies": {
        "serve": "^14.2.0"
      }
    },
    "node_modules/serve": {
      "version": "14.2.0",
      "resolved": "https://registry.npmjs.org/serve/-/serve-14.2.0.tgz",
      "integrity": "sha512-...",
      "bin": {
        "serve": "bin/serve.js"
      }
    }
  },
  "dependencies": {
    "serve": {
      "version": "14.2.0",
      "resolved": "https://registry.npmjs.org/serve/-/serve-14.2.0.tgz",
      "integrity": "sha512-..."
    }
  }
}
